
Microsoft Visual Studio Solution File, Format Version 12.00
# Visual Studio Version 16
VisualStudioVersion = 16.0.29613.14
MinimumVisualStudioVersion = 10.0.40219.1
Project("{9A19103F-16F7-4668-BE54-9A1E7A4F7556}") = "Xpepper.Core.Data.MongoDb", "Xpepper.Core.Data.MongoDb\Xpepper.Core.Data.MongoDb.csproj", "{0D0885A2-DAB6-4D2C-BFE8-F148F43A1471}"
EndProject
Project("{9A19103F-16F7-4668-BE54-9A1E7A4F7556}") = "Xpepper.Core.Data", "Xpepper.Core.Data\Xpepper.Core.Data.csproj", "{AB6AC797-9B4F-4FAE-962D-72EF0989C35F}"
EndProject
Project("{9A19103F-16F7-4668-BE54-9A1E7A4F7556}") = "Xpepper.Core.Data.EF", "Xpepper.Core.Data.EF\Xpepper.Core.Data.EF.csproj", "{F22C292A-2BCA-49EE-A5AE-3E6A8B3B2E8F}"
EndProject
Project("{9A19103F-16F7-4668-BE54-9A1E7A4F7556}") = "Xpepper.Core.Data.EF.SqlServer", "Xpepper.Core.Data.EF.SqlServer\Xpepper.Core.Data.EF.SqlServer.csproj", "{C214D049-D58E-441F-81A8-ECD146A160DF}"
EndProject
Project("{9A19103F-16F7-4668-BE54-9A1E7A4F7556}") = "Xpepper.Core.Data.TestApi", "Xpepper.Core.Data.TestApi\Xpepper.Core.Data.TestApi.csproj", "{8FCE6E2E-68CD-46FB-983D-FD2251F99C70}"
EndProject
Project("{2150E333-8FDC-42A3-9474-1A3956D46DE8}") = "Core", "Core", "{E896B217-8457-42BE-A5B9-030403BC054F}"
EndProject
Global
	GlobalSection(SolutionConfigurationPlatforms) = preSolution
		Debug|Any CPU = Debug|Any CPU
		Release|Any CPU = Release|Any CPU
	EndGlobalSection
	GlobalSection(ProjectConfigurationPlatforms) = postSolution
		{0D0885A2-DAB6-4D2C-BFE8-F148F43A1471}.Debug|Any CPU.ActiveCfg = Debug|Any CPU
		{0D0885A2-DAB6-4D2C-BFE8-F148F43A1471}.Debug|Any CPU.Build.0 = Debug|Any CPU
		{0D0885A2-DAB6-4D2C-BFE8-F148F43A1471}.Release|Any CPU.ActiveCfg = Release|Any CPU
		{0D0885A2-DAB6-4D2C-BFE8-F148F43A1471}.Release|Any CPU.Build.0 = Release|Any CPU
		{AB6AC797-9B4F-4FAE-962D-72EF0989C35F}.Debug|Any CPU.ActiveCfg = Debug|Any CPU
		{AB6AC797-9B4F-4FAE-962D-72EF0989C35F}.Debug|Any CPU.Build.0 = Debug|Any CPU
		{AB6AC797-9B4F-4FAE-962D-72EF0989C35F}.Release|Any CPU.ActiveCfg = Release|Any CPU
		{AB6AC797-9B4F-4FAE-962D-72EF0989C35F}.Release|Any CPU.Build.0 = Release|Any CPU
		{F22C292A-2BCA-49EE-A5AE-3E6A8B3B2E8F}.Debug|Any CPU.ActiveCfg = Debug|Any CPU
		{F22C292A-2BCA-49EE-A5AE-3E6A8B3B2E8F}.Debug|Any CPU.Build.0 = Debug|Any CPU
		{F22C292A-2BCA-49EE-A5AE-3E6A8B3B2E8F}.Release|Any CPU.ActiveCfg = Release|Any CPU
		{F22C292A-2BCA-49EE-A5AE-3E6A8B3B2E8F}.Release|Any CPU.Build.0 = Release|Any CPU
		{C214D049-D58E-441F-81A8-ECD146A160DF}.Debug|Any CPU.ActiveCfg = Debug|Any CPU
		{C214D049-D58E-441F-81A8-ECD146A160DF}.Debug|Any CPU.Build.0 = Debug|Any CPU
		{C214D049-D58E-441F-81A8-ECD146A160DF}.Release|Any CPU.ActiveCfg = Release|Any CPU
		{C214D049-D58E-441F-81A8-ECD146A160DF}.Release|Any CPU.Build.0 = Release|Any CPU
		{8FCE6E2E-68CD-46FB-983D-FD2251F99C70}.Debug|Any CPU.ActiveCfg = Debug|Any CPU
		{8FCE6E2E-68CD-46FB-983D-FD2251F99C70}.Debug|Any CPU.Build.0 = Debug|Any CPU
		{8FCE6E2E-68CD-46FB-983D-FD2251F99C70}.Release|Any CPU.ActiveCfg = Release|Any CPU
		{8FCE6E2E-68CD-46FB-983D-FD2251F99C70}.Release|Any CPU.Build.0 = Release|Any CPU
	EndGlobalSection
	GlobalSection(SolutionProperties) = preSolution
		HideSolutionNode = FALSE
	EndGlobalSection
	GlobalSection(NestedProjects) = preSolution
		{0D0885A2-DAB6-4D2C-BFE8-F148F43A1471} = {E896B217-8457-42BE-A5B9-030403BC054F}
		{AB6AC797-9B4F-4FAE-962D-72EF0989C35F} = {E896B217-8457-42BE-A5B9-030403BC054F}
		{F22C292A-2BCA-49EE-A5AE-3E6A8B3B2E8F} = {E896B217-8457-42BE-A5B9-030403BC054F}
		{C214D049-D58E-441F-81A8-ECD146A160DF} = {E896B217-8457-42BE-A5B9-030403BC054F}
		{8FCE6E2E-68CD-46FB-983D-FD2251F99C70} = {E896B217-8457-42BE-A5B9-030403BC054F}
	EndGlobalSection
	GlobalSection(ExtensibilityGlobals) = postSolution
		SolutionGuid = {F1DE993B-FB2E-4204-BD50-18C1F3FFFE11}
	EndGlobalSection
EndGlobal
